
Microsoft Visual Studio Solution File, Format Version 12.00
# Visual Studio 15
VisualStudioVersion = 15.0.26124.0
MinimumVisualStudioVersion = 15.0.26124.0
Project("{FAE04EC0-301F-11D3-BF4B-00C04F79EFBC}") = "Epg.Data", "Epg.Data\Epg.Data.csproj", "{5696ACE5-2269-422B-9187-4C43EF83D91E}"
EndProject
Project("{FAE04EC0-301F-11D3-BF4B-00C04F79EFBC}") = "Epg.Services", "Epg.Services\Epg.Services.csproj", "{885322AF-8A82-4DFB-869A-CC23501666F7}"
EndProject
Project("{FAE04EC0-301F-11D3-BF4B-00C04F79EFBC}") = "Epg.Web", "Epg.Web\Epg.Web.csproj", "{AF589AE5-C52D-4079-B4CC-AA09B5FB38E0}"
EndProject
Global
	GlobalSection(SolutionConfigurationPlatforms) = preSolution
		Debug|Any CPU = Debug|Any CPU
		Debug|x64 = Debug|x64
		Debug|x86 = Debug|x86
		Release|Any CPU = Release|Any CPU
		Release|x64 = Release|x64
		Release|x86 = Release|x86
	EndGlobalSection
	GlobalSection(SolutionProperties) = preSolution
		HideSolutionNode = FALSE
	EndGlobalSection
	GlobalSection(ProjectConfigurationPlatforms) = postSolution
		{5696ACE5-2269-422B-9187-4C43EF83D91E}.Debug|Any CPU.ActiveCfg = Debug|Any CPU
		{5696ACE5-2269-422B-9187-4C43EF83D91E}.Debug|Any CPU.Build.0 = Debug|Any CPU
		{5696ACE5-2269-422B-9187-4C43EF83D91E}.Debug|x64.ActiveCfg = Debug|Any CPU
		{5696ACE5-2269-422B-9187-4C43EF83D91E}.Debug|x64.Build.0 = Debug|Any CPU
		{5696ACE5-2269-422B-9187-4C43EF83D91E}.Debug|x86.ActiveCfg = Debug|Any CPU
		{5696ACE5-2269-422B-9187-4C43EF83D91E}.Debug|x86.Build.0 = Debug|Any CPU
		{5696ACE5-2269-422B-9187-4C43EF83D91E}.Release|Any CPU.ActiveCfg = Release|Any CPU
		{5696ACE5-2269-422B-9187-4C43EF83D91E}.Release|Any CPU.Build.0 = Release|Any CPU
		{5696ACE5-2269-422B-9187-4C43EF83D91E}.Release|x64.ActiveCfg = Release|Any CPU
		{5696ACE5-2269-422B-9187-4C43EF83D91E}.Release|x64.Build.0 = Release|Any CPU
		{5696ACE5-2269-422B-9187-4C43EF83D91E}.Release|x86.ActiveCfg = Release|Any CPU
		{5696ACE5-2269-422B-9187-4C43EF83D91E}.Release|x86.Build.0 = Release|Any CPU
		{885322AF-8A82-4DFB-869A-CC23501666F7}.Debug|Any CPU.ActiveCfg = Debug|Any CPU
		{885322AF-8A82-4DFB-869A-CC23501666F7}.Debug|Any CPU.Build.0 = Debug|Any CPU
		{885322AF-8A82-4DFB-869A-CC23501666F7}.Debug|x64.ActiveCfg = Debug|Any CPU
		{885322AF-8A82-4DFB-869A-CC23501666F7}.Debug|x64.Build.0 = Debug|Any CPU
		{885322AF-8A82-4DFB-869A-CC23501666F7}.Debug|x86.ActiveCfg = Debug|Any CPU
		{885322AF-8A82-4DFB-869A-CC23501666F7}.Debug|x86.Build.0 = Debug|Any CPU
		{885322AF-8A82-4DFB-869A-CC23501666F7}.Release|Any CPU.ActiveCfg = Release|Any CPU
		{885322AF-8A82-4DFB-869A-CC23501666F7}.Release|Any CPU.Build.0 = Release|Any CPU
		{885322AF-8A82-4DFB-869A-CC23501666F7}.Release|x64.ActiveCfg = Release|Any CPU
		{885322AF-8A82-4DFB-869A-CC23501666F7}.Release|x64.Build.0 = Release|Any CPU
		{885322AF-8A82-4DFB-869A-CC23501666F7}.Release|x86.ActiveCfg = Release|Any CPU
		{885322AF-8A82-4DFB-869A-CC23501666F7}.Release|x86.Build.0 = Release|Any CPU
		{AF589AE5-C52D-4079-B4CC-AA09B5FB38E0}.Debug|Any CPU.ActiveCfg = Debug|Any CPU
		{AF589AE5-C52D-4079-B4CC-AA09B5FB38E0}.Debug|Any CPU.Build.0 = Debug|Any CPU
		{AF589AE5-C52D-4079-B4CC-AA09B5FB38E0}.Debug|x64.ActiveCfg = Debug|Any CPU
		{AF589AE5-C52D-4079-B4CC-AA09B5FB38E0}.Debug|x64.Build.0 = Debug|Any CPU
		{AF589AE5-C52D-4079-B4CC-AA09B5FB38E0}.Debug|x86.ActiveCfg = Debug|Any CPU
		{AF589AE5-C52D-4079-B4CC-AA09B5FB38E0}.Debug|x86.Build.0 = Debug|Any CPU
		{AF589AE5-C52D-4079-B4CC-AA09B5FB38E0}.Release|Any CPU.ActiveCfg = Release|Any CPU
		{AF589AE5-C52D-4079-B4CC-AA09B5FB38E0}.Release|Any CPU.Build.0 = Release|Any CPU
		{AF589AE5-C52D-4079-B4CC-AA09B5FB38E0}.Release|x64.ActiveCfg = Release|Any CPU
		{AF589AE5-C52D-4079-B4CC-AA09B5FB38E0}.Release|x64.Build.0 = Release|Any CPU
		{AF589AE5-C52D-4079-B4CC-AA09B5FB38E0}.Release|x86.ActiveCfg = Release|Any CPU
		{AF589AE5-C52D-4079-B4CC-AA09B5FB38E0}.Release|x86.Build.0 = Release|Any CPU
	EndGlobalSection
EndGlobal
